
Microsoft Visual Studio Solution File, Format Version 12.00
# Visual Studio Version 17
VisualStudioVersion = 17.5.33424.131
MinimumVisualStudioVersion = 10.0.40219.1
Project("{FAE04EC0-301F-11D3-BF4B-00C04F79EFBC}") = "AinDevHelperPluginLibrary", "AinDevHelperPluginLibrary.csproj", "{37AB27D6-D34C-4B94-9581-B10E46B34426}"
EndProject
Project("{2150E333-8FDC-42A3-9474-1A3956D46DE8}") = "Элементы решения", "Элементы решения", "{36E21EE9-B819-442F-B851-3B0EDB612066}"
	ProjectSection(SolutionItems) = preProject
		LICENSE.txt = LICENSE.txt
		README-de.md = README-de.md
		README-ru.md = README-ru.md
		README.md = README.md
	EndProjectSection
EndProject
Global
	GlobalSection(SolutionConfigurationPlatforms) = preSolution
		Debug|Any CPU = Debug|Any CPU
		Release|Any CPU = Release|Any CPU
	EndGlobalSection
	GlobalSection(ProjectConfigurationPlatforms) = postSolution
		{37AB27D6-D34C-4B94-9581-B10E46B34426}.Debug|Any CPU.ActiveCfg = Debug|Any CPU
		{37AB27D6-D34C-4B94-9581-B10E46B34426}.Debug|Any CPU.Build.0 = Debug|Any CPU
		{37AB27D6-D34C-4B94-9581-B10E46B34426}.Release|Any CPU.ActiveCfg = Release|Any CPU
		{37AB27D6-D34C-4B94-9581-B10E46B34426}.Release|Any CPU.Build.0 = Release|Any CPU
	EndGlobalSection
	GlobalSection(SolutionProperties) = preSolution
		HideSolutionNode = FALSE
	EndGlobalSection
	GlobalSection(ExtensibilityGlobals) = postSolution
		SolutionGuid = {12F753D6-531A-459A-AF45-5F4854857505}
	EndGlobalSection
EndGlobal
